{
  "version": 4,
  "terraform_version": "1.14.4",
  "serial": 26,
  "lineage": "95bb4dec-d85b-7cae-0083-f2c1e25d543a",
  "outputs": {},
  "resources": [
    {
      "mode": "managed",
      "type": "azurerm_firewall",
      "name": "fw",
      "provider": "provider[\"registry.terraform.io/hashicorp/azurerm\"]",
      "instances": [
        {
          "schema_version": 0,
          "attributes": {
            "dns_proxy_enabled": false,
            "dns_servers": [],
            "firewall_policy_id": "",
            "id": "/subscriptions/0d39371b-6223-4dca-a4e1-a15218a7a15a/resourceGroups/RG1/providers/Microsoft.Network/azureFirewalls/hub-firewall",
            "ip_configuration": [
              {
                "name": "firewall-config",
                "private_ip_address": "10.0.1.4",
                "public_ip_address_id": "/subscriptions/0d39371b-6223-4dca-a4e1-a15218a7a15a/resourceGroups/RG1/providers/Microsoft.Network/publicIPAddresses/firewall-pip",
                "subnet_id": "/subscriptions/0d39371b-6223-4dca-a4e1-a15218a7a15a/resourceGroups/RG1/providers/Microsoft.Network/virtualNetworks/HUBvnet/subnets/AzureFirewallSubnet"
              }
            ],
            "location": "centralindia",
            "management_ip_configuration": [],
            "name": "hub-firewall",
            "private_ip_ranges": [],
            "resource_group_name": "RG1",
            "sku_name": "AZFW_VNet",
            "sku_tier": "Standard",
            "tags": {},
            "threat_intel_mode": "Alert",
            "timeouts": null,
            "virtual_hub": [],
            "zones": []
          },
          "sensitive_attributes": [],
          "identity_schema_version": 0,
          "identity": {
            "name": "hub-firewall",
            "resource_group_name": "RG1",
            "subscription_id": "0d39371b-6223-4dca-a4e1-a15218a7a15a"
          },
          "private": "eyJlMmJmYjczMC1lY2FhLTExZTYtOGY4OC0zNDM2M2JjN2M0YzAiOnsiY3JlYXRlIjo1NDAwMDAwMDAwMDAwLCJkZWxldGUiOjU0MDAwMDAwMDAwMDAsInJlYWQiOjMwMDAwMDAwMDAwMCwidXBkYXRlIjo1NDAwMDAwMDAwMDAwfX0=",
          "dependencies": [
            "azurerm_public_ip.fw_pip",
            "azurerm_resource_group.rg",
            "azurerm_subnet.subnet",
            "azurerm_virtual_network.vnet"
          ]
        }
      ]
    },
    {
      "mode": "managed",
      "type": "azurerm_public_ip",
      "name": "fw_pip",
      "provider": "provider[\"registry.terraform.io/hashicorp/azurerm\"]",
      "instances": [
        {
          "schema_version": 0,
          "attributes": {
            "allocation_method": "Static",
            "ddos_protection_mode": "VirtualNetworkInherited",
            "ddos_protection_plan_id": null,
            "domain_name_label": "",
            "domain_name_label_scope": "",
            "edge_zone": "",
            "fqdn": "",
            "id": "/subscriptions/0d39371b-6223-4dca-a4e1-a15218a7a15a/resourceGroups/RG1/providers/Microsoft.Network/publicIPAddresses/firewall-pip",
            "idle_timeout_in_minutes": 4,
            "ip_address": "20.198.82.212",
            "ip_tags": {},
            "ip_version": "IPv4",
            "location": "centralindia",
            "name": "firewall-pip",
            "public_ip_prefix_id": null,
            "resource_group_name": "RG1",
            "reverse_fqdn": "",
            "sku": "Standard",
            "sku_tier": "Regional",
            "tags": {},
            "timeouts": null,
            "zones": []
          },
          "sensitive_attributes": [],
          "identity_schema_version": 0,
          "identity": {
            "name": "firewall-pip",
            "resource_group_name": "RG1",
            "subscription_id": "0d39371b-6223-4dca-a4e1-a15218a7a15a"
          },
          "private": "eyJlMmJmYjczMC1lY2FhLTExZTYtOGY4OC0zNDM2M2JjN2M0YzAiOnsiY3JlYXRlIjoxODAwMDAwMDAwMDAwLCJkZWxldGUiOjE4MDAwMDAwMDAwMDAsInJlYWQiOjMwMDAwMDAwMDAwMCwidXBkYXRlIjoxODAwMDAwMDAwMDAwfX0=",
          "dependencies": [
            "azurerm_resource_group.rg"
          ]
        }
      ]
    },
    {
      "mode": "managed",
      "type": "azurerm_resource_group",
      "name": "rg",
      "provider": "provider[\"registry.terraform.io/hashicorp/azurerm\"]",
      "instances": [
        {
          "schema_version": 0,
          "attributes": {
            "id": "/subscriptions/0d39371b-6223-4dca-a4e1-a15218a7a15a/resourceGroups/RG1",
            "location": "centralindia",
            "managed_by": "",
            "name": "RG1",
            "tags": {},
            "timeouts": null
          },
          "sensitive_attributes": [],
          "identity_schema_version": 0,
          "identity": {
            "name": "RG1",
            "subscription_id": "0d39371b-6223-4dca-a4e1-a15218a7a15a"
          },
          "private": "eyJlMmJmYjczMC1lY2FhLTExZTYtOGY4OC0zNDM2M2JjN2M0YzAiOnsiY3JlYXRlIjo1NDAwMDAwMDAwMDAwLCJkZWxldGUiOjU0MDAwMDAwMDAwMDAsInJlYWQiOjMwMDAwMDAwMDAwMCwidXBkYXRlIjo1NDAwMDAwMDAwMDAwfX0="
        }
      ]
    },
    {
      "mode": "managed",
      "type": "azurerm_route_table",
      "name": "spoke_rt",
      "provider": "provider[\"registry.terraform.io/hashicorp/azurerm\"]",
      "instances": [
        {
          "schema_version": 0,
          "attributes": {
            "bgp_route_propagation_enabled": true,
            "id": "/subscriptions/0d39371b-6223-4dca-a4e1-a15218a7a15a/resourceGroups/RG1/providers/Microsoft.Network/routeTables/spoke-route-table",
            "location": "centralindia",
            "name": "spoke-route-table",
            "resource_group_name": "RG1",
            "route": [
              {
                "address_prefix": "0.0.0.0/0",
                "name": "default-route",
                "next_hop_in_ip_address": "10.0.1.4",
                "next_hop_type": "VirtualAppliance"
              }
            ],
            "subnets": [],
            "tags": null,
            "timeouts": null
          },
          "sensitive_attributes": [],
          "identity_schema_version": 0,
          "identity": {
            "name": "spoke-route-table",
            "resource_group_name": "RG1",
            "subscription_id": "0d39371b-6223-4dca-a4e1-a15218a7a15a"
          },
          "private": "eyJlMmJmYjczMC1lY2FhLTExZTYtOGY4OC0zNDM2M2JjN2M0YzAiOnsiY3JlYXRlIjoxODAwMDAwMDAwMDAwLCJkZWxldGUiOjE4MDAwMDAwMDAwMDAsInJlYWQiOjMwMDAwMDAwMDAwMCwidXBkYXRlIjoxODAwMDAwMDAwMDAwfX0=",
          "dependencies": [
            "azurerm_resource_group.rg"
          ]
        }
      ]
    },
    {
      "mode": "managed",
      "type": "azurerm_subnet",
      "name": "subnet",
      "provider": "provider[\"registry.terraform.io/hashicorp/azurerm\"]",
      "instances": [
        {
          "index_key": "HUBvnet",
          "schema_version": 0,
          "attributes": {
            "address_prefixes": [
              "10.0.1.0/24"
            ],
            "default_outbound_access_enabled": true,
            "delegation": [],
            "id": "/subscriptions/0d39371b-6223-4dca-a4e1-a15218a7a15a/resourceGroups/RG1/providers/Microsoft.Network/virtualNetworks/HUBvnet/subnets/AzureFirewallSubnet",
            "ip_address_pool": [],
            "name": "AzureFirewallSubnet",
            "private_endpoint_network_policies": "Disabled",
            "private_link_service_network_policies_enabled": true,
            "resource_group_name": "RG1",
            "service_endpoint_policy_ids": [],
            "service_endpoints": [],
            "sharing_scope": "",
            "timeouts": null,
            "virtual_network_name": "HUBvnet"
          },
          "sensitive_attributes": [],
          "identity_schema_version": 0,
          "identity": {
            "name": "AzureFirewallSubnet",
            "resource_group_name": "RG1",
            "subscription_id": "0d39371b-6223-4dca-a4e1-a15218a7a15a",
            "virtual_network_name": "HUBvnet"
          },
          "private": "eyJlMmJmYjczMC1lY2FhLTExZTYtOGY4OC0zNDM2M2JjN2M0YzAiOnsiY3JlYXRlIjoxODAwMDAwMDAwMDAwLCJkZWxldGUiOjE4MDAwMDAwMDAwMDAsInJlYWQiOjMwMDAwMDAwMDAwMCwidXBkYXRlIjoxODAwMDAwMDAwMDAwfX0=",
          "dependencies": [
            "azurerm_resource_group.rg",
            "azurerm_virtual_network.vnet"
          ]
        },
        {
          "index_key": "SPOK1vnet",
          "schema_version": 0,
          "attributes": {
            "address_prefixes": [
              "11.1.1.0/24"
            ],
            "default_outbound_access_enabled": true,
            "delegation": [],
            "id": "/subscriptions/0d39371b-6223-4dca-a4e1-a15218a7a15a/resourceGroups/RG1/providers/Microsoft.Network/virtualNetworks/SPOK1vnet/subnets/SPOK1SUB",
            "ip_address_pool": [],
            "name": "SPOK1SUB",
            "private_endpoint_network_policies": "Disabled",
            "private_link_service_network_policies_enabled": true,
            "resource_group_name": "RG1",
            "service_endpoint_policy_ids": [],
            "service_endpoints": [],
            "sharing_scope": "",
            "timeouts": null,
            "virtual_network_name": "SPOK1vnet"
          },
          "sensitive_attributes": [],
          "identity_schema_version": 0,
          "identity": {
            "name": "SPOK1SUB",
            "resource_group_name": "RG1",
            "subscription_id": "0d39371b-6223-4dca-a4e1-a15218a7a15a",
            "virtual_network_name": "SPOK1vnet"
          },
          "private": "eyJlMmJmYjczMC1lY2FhLTExZTYtOGY4OC0zNDM2M2JjN2M0YzAiOnsiY3JlYXRlIjoxODAwMDAwMDAwMDAwLCJkZWxldGUiOjE4MDAwMDAwMDAwMDAsInJlYWQiOjMwMDAwMDAwMDAwMCwidXBkYXRlIjoxODAwMDAwMDAwMDAwfX0=",
          "dependencies": [
            "azurerm_resource_group.rg",
            "azurerm_virtual_network.vnet"
          ]
        },
        {
          "index_key": "SPOK2vnet",
          "schema_version": 0,
          "attributes": {
            "address_prefixes": [
              "12.1.1.0/24"
            ],
            "default_outbound_access_enabled": true,
            "delegation": [],
            "id": "/subscriptions/0d39371b-6223-4dca-a4e1-a15218a7a15a/resourceGroups/RG1/providers/Microsoft.Network/virtualNetworks/SPOK2vnet/subnets/SPOK2SUB",
            "ip_address_pool": [],
            "name": "SPOK2SUB",
            "private_endpoint_network_policies": "Disabled",
            "private_link_service_network_policies_enabled": true,
            "resource_group_name": "RG1",
            "service_endpoint_policy_ids": [],
            "service_endpoints": [],
            "sharing_scope": "",
            "timeouts": null,
            "virtual_network_name": "SPOK2vnet"
          },
          "sensitive_attributes": [],
          "identity_schema_version": 0,
          "identity": {
            "name": "SPOK2SUB",
            "resource_group_name": "RG1",
            "subscription_id": "0d39371b-6223-4dca-a4e1-a15218a7a15a",
            "virtual_network_name": "SPOK2vnet"
          },
          "private": "eyJlMmJmYjczMC1lY2FhLTExZTYtOGY4OC0zNDM2M2JjN2M0YzAiOnsiY3JlYXRlIjoxODAwMDAwMDAwMDAwLCJkZWxldGUiOjE4MDAwMDAwMDAwMDAsInJlYWQiOjMwMDAwMDAwMDAwMCwidXBkYXRlIjoxODAwMDAwMDAwMDAwfX0=",
          "dependencies": [
            "azurerm_resource_group.rg",
            "azurerm_virtual_network.vnet"
          ]
        }
      ]
    },
    {
      "mode": "managed",
      "type": "azurerm_subnet_route_table_association",
      "name": "spoke_assoc1",
      "provider": "provider[\"registry.terraform.io/hashicorp/azurerm\"]",
      "instances": [
        {
          "schema_version": 0,
          "attributes": {
            "id": "/subscriptions/0d39371b-6223-4dca-a4e1-a15218a7a15a/resourceGroups/RG1/providers/Microsoft.Network/virtualNetworks/SPOK1vnet/subnets/SPOK1SUB",
            "route_table_id": "/subscriptions/0d39371b-6223-4dca-a4e1-a15218a7a15a/resourceGroups/RG1/providers/Microsoft.Network/routeTables/spoke-route-table",
            "subnet_id": "/subscriptions/0d39371b-6223-4dca-a4e1-a15218a7a15a/resourceGroups/RG1/providers/Microsoft.Network/virtualNetworks/SPOK1vnet/subnets/SPOK1SUB",
            "timeouts": null
          },
          "sensitive_attributes": [],
          "identity_schema_version": 0,
          "private": "eyJlMmJmYjczMC1lY2FhLTExZTYtOGY4OC0zNDM2M2JjN2M0YzAiOnsiY3JlYXRlIjoxODAwMDAwMDAwMDAwLCJkZWxldGUiOjE4MDAwMDAwMDAwMDAsInJlYWQiOjMwMDAwMDAwMDAwMH19",
          "dependencies": [
            "azurerm_resource_group.rg",
            "azurerm_route_table.spoke_rt",
            "azurerm_subnet.subnet",
            "azurerm_virtual_network.vnet"
          ]
        }
      ]
    },
    {
      "mode": "managed",
      "type": "azurerm_subnet_route_table_association",
      "name": "spoke_assoc2",
      "provider": "provider[\"registry.terraform.io/hashicorp/azurerm\"]",
      "instances": [
        {
          "schema_version": 0,
          "attributes": {
            "id": "/subscriptions/0d39371b-6223-4dca-a4e1-a15218a7a15a/resourceGroups/RG1/providers/Microsoft.Network/virtualNetworks/SPOK2vnet/subnets/SPOK2SUB",
            "route_table_id": "/subscriptions/0d39371b-6223-4dca-a4e1-a15218a7a15a/resourceGroups/RG1/providers/Microsoft.Network/routeTables/spoke-route-table",
            "subnet_id": "/subscriptions/0d39371b-6223-4dca-a4e1-a15218a7a15a/resourceGroups/RG1/providers/Microsoft.Network/virtualNetworks/SPOK2vnet/subnets/SPOK2SUB",
            "timeouts": null
          },
          "sensitive_attributes": [],
          "identity_schema_version": 0,
          "private": "eyJlMmJmYjczMC1lY2FhLTExZTYtOGY4OC0zNDM2M2JjN2M0YzAiOnsiY3JlYXRlIjoxODAwMDAwMDAwMDAwLCJkZWxldGUiOjE4MDAwMDAwMDAwMDAsInJlYWQiOjMwMDAwMDAwMDAwMH19",
          "dependencies": [
            "azurerm_resource_group.rg",
            "azurerm_route_table.spoke_rt",
            "azurerm_subnet.subnet",
            "azurerm_virtual_network.vnet"
          ]
        }
      ]
    },
    {
      "mode": "managed",
      "type": "azurerm_virtual_network",
      "name": "vnet",
      "provider": "provider[\"registry.terraform.io/hashicorp/azurerm\"]",
      "instances": [
        {
          "index_key": "HUBvnet",
          "schema_version": 0,
          "attributes": {
            "address_space": [
              "10.0.0.0/16"
            ],
            "bgp_community": "",
            "ddos_protection_plan": [],
            "dns_servers": [],
            "edge_zone": "",
            "encryption": [],
            "flow_timeout_in_minutes": 0,
            "guid": "0cbea1e0-8f16-436c-b569-1d49ee3f0299",
            "id": "/subscriptions/0d39371b-6223-4dca-a4e1-a15218a7a15a/resourceGroups/RG1/providers/Microsoft.Network/virtualNetworks/HUBvnet",
            "ip_address_pool": [],
            "location": "centralindia",
            "name": "HUBvnet",
            "private_endpoint_vnet_policies": "Disabled",
            "resource_group_name": "RG1",
            "subnet": [
              {
                "address_prefixes": [
                  "10.0.1.0/24"
                ],
                "default_outbound_access_enabled": true,
                "delegation": [],
                "id": "/subscriptions/0d39371b-6223-4dca-a4e1-a15218a7a15a/resourceGroups/RG1/providers/Microsoft.Network/virtualNetworks/HUBvnet/subnets/AzureFirewallSubnet",
                "name": "AzureFirewallSubnet",
                "private_endpoint_network_policies": "Disabled",
                "private_link_service_network_policies_enabled": true,
                "route_table_id": "",
                "security_group": "",
                "service_endpoint_policy_ids": [],
                "service_endpoints": []
              }
            ],
            "tags": {},
            "timeouts": null
          },
          "sensitive_attributes": [],
          "identity_schema_version": 0,
          "identity": {
            "name": "HUBvnet",
            "resource_group_name": "RG1",
            "subscription_id": "0d39371b-6223-4dca-a4e1-a15218a7a15a"
          },
          "private": "eyJlMmJmYjczMC1lY2FhLTExZTYtOGY4OC0zNDM2M2JjN2M0YzAiOnsiY3JlYXRlIjoxODAwMDAwMDAwMDAwLCJkZWxldGUiOjE4MDAwMDAwMDAwMDAsInJlYWQiOjMwMDAwMDAwMDAwMCwidXBkYXRlIjoxODAwMDAwMDAwMDAwfX0=",
          "dependencies": [
            "azurerm_resource_group.rg"
          ]
        },
        {
          "index_key": "SPOK1vnet",
          "schema_version": 0,
          "attributes": {
            "address_space": [
              "11.1.0.0/16"
            ],
            "bgp_community": "",
            "ddos_protection_plan": [],
            "dns_servers": [],
            "edge_zone": "",
            "encryption": [],
            "flow_timeout_in_minutes": 0,
            "guid": "52148ab3-d534-48a2-85ee-b7d24b090a1a",
            "id": "/subscriptions/0d39371b-6223-4dca-a4e1-a15218a7a15a/resourceGroups/RG1/providers/Microsoft.Network/virtualNetworks/SPOK1vnet",
            "ip_address_pool": [],
            "location": "centralindia",
            "name": "SPOK1vnet",
            "private_endpoint_vnet_policies": "Disabled",
            "resource_group_name": "RG1",
            "subnet": [
              {
                "address_prefixes": [
                  "11.1.1.0/24"
                ],
                "default_outbound_access_enabled": true,
                "delegation": [],
                "id": "/subscriptions/0d39371b-6223-4dca-a4e1-a15218a7a15a/resourceGroups/RG1/providers/Microsoft.Network/virtualNetworks/SPOK1vnet/subnets/SPOK1SUB",
                "name": "SPOK1SUB",
                "private_endpoint_network_policies": "Disabled",
                "private_link_service_network_policies_enabled": true,
                "route_table_id": "",
                "security_group": "",
                "service_endpoint_policy_ids": [],
                "service_endpoints": []
              }
            ],
            "tags": {},
            "timeouts": null
          },
          "sensitive_attributes": [],
          "identity_schema_version": 0,
          "identity": {
            "name": "SPOK1vnet",
            "resource_group_name": "RG1",
            "subscription_id": "0d39371b-6223-4dca-a4e1-a15218a7a15a"
          },
          "private": "eyJlMmJmYjczMC1lY2FhLTExZTYtOGY4OC0zNDM2M2JjN2M0YzAiOnsiY3JlYXRlIjoxODAwMDAwMDAwMDAwLCJkZWxldGUiOjE4MDAwMDAwMDAwMDAsInJlYWQiOjMwMDAwMDAwMDAwMCwidXBkYXRlIjoxODAwMDAwMDAwMDAwfX0=",
          "dependencies": [
            "azurerm_resource_group.rg"
          ]
        },
        {
          "index_key": "SPOK2vnet",
          "schema_version": 0,
          "attributes": {
            "address_space": [
              "12.1.0.0/16"
            ],
            "bgp_community": "",
            "ddos_protection_plan": [],
            "dns_servers": [],
            "edge_zone": "",
            "encryption": [],
            "flow_timeout_in_minutes": 0,
            "guid": "328b62f7-2243-44e6-bab7-5d0c5e8d88e0",
            "id": "/subscriptions/0d39371b-6223-4dca-a4e1-a15218a7a15a/resourceGroups/RG1/providers/Microsoft.Network/virtualNetworks/SPOK2vnet",
            "ip_address_pool": [],
            "location": "centralindia",
            "name": "SPOK2vnet",
            "private_endpoint_vnet_policies": "Disabled",
            "resource_group_name": "RG1",
            "subnet": [
              {
                "address_prefixes": [
                  "12.1.1.0/24"
                ],
                "default_outbound_access_enabled": true,
                "delegation": [],
                "id": "/subscriptions/0d39371b-6223-4dca-a4e1-a15218a7a15a/resourceGroups/RG1/providers/Microsoft.Network/virtualNetworks/SPOK2vnet/subnets/SPOK2SUB",
                "name": "SPOK2SUB",
                "private_endpoint_network_policies": "Disabled",
                "private_link_service_network_policies_enabled": true,
                "route_table_id": "",
                "security_group": "",
                "service_endpoint_policy_ids": [],
                "service_endpoints": []
              }
            ],
            "tags": {},
            "timeouts": null
          },
          "sensitive_attributes": [],
          "identity_schema_version": 0,
          "identity": {
            "name": "SPOK2vnet",
            "resource_group_name": "RG1",
            "subscription_id": "0d39371b-6223-4dca-a4e1-a15218a7a15a"
          },
          "private": "eyJlMmJmYjczMC1lY2FhLTExZTYtOGY4OC0zNDM2M2JjN2M0YzAiOnsiY3JlYXRlIjoxODAwMDAwMDAwMDAwLCJkZWxldGUiOjE4MDAwMDAwMDAwMDAsInJlYWQiOjMwMDAwMDAwMDAwMCwidXBkYXRlIjoxODAwMDAwMDAwMDAwfX0=",
          "dependencies": [
            "azurerm_resource_group.rg"
          ]
        }
      ]
    },
    {
      "mode": "managed",
      "type": "azurerm_virtual_network_peering",
      "name": "HUB_to_SPOK1",
      "provider": "provider[\"registry.terraform.io/hashicorp/azurerm\"]",
      "instances": [
        {
          "schema_version": 0,
          "attributes": {
            "allow_forwarded_traffic": false,
            "allow_gateway_transit": false,
            "allow_virtual_network_access": true,
            "id": "/subscriptions/0d39371b-6223-4dca-a4e1-a15218a7a15a/resourceGroups/RG1/providers/Microsoft.Network/virtualNetworks/HUBvnet/virtualNetworkPeerings/HUB-to-SPOK1",
            "local_subnet_names": [],
            "name": "HUB-to-SPOK1",
            "only_ipv6_peering_enabled": false,
            "peer_complete_virtual_networks_enabled": true,
            "remote_subnet_names": [],
            "remote_virtual_network_id": "/subscriptions/0d39371b-6223-4dca-a4e1-a15218a7a15a/resourceGroups/RG1/providers/Microsoft.Network/virtualNetworks/SPOK1vnet",
            "resource_group_name": "RG1",
            "timeouts": null,
            "triggers": null,
            "use_remote_gateways": false,
            "virtual_network_name": "HUBvnet"
          },
          "sensitive_attributes": [],
          "identity_schema_version": 0,
          "identity": {
            "name": "HUB-to-SPOK1",
            "resource_group_name": "RG1",
            "subscription_id": "0d39371b-6223-4dca-a4e1-a15218a7a15a",
            "virtual_network_name": "HUBvnet"
          },
          "private": "eyJlMmJmYjczMC1lY2FhLTExZTYtOGY4OC0zNDM2M2JjN2M0YzAiOnsiY3JlYXRlIjoxODAwMDAwMDAwMDAwLCJkZWxldGUiOjE4MDAwMDAwMDAwMDAsInJlYWQiOjMwMDAwMDAwMDAwMCwidXBkYXRlIjoxODAwMDAwMDAwMDAwfX0=",
          "dependencies": [
            "azurerm_resource_group.rg",
            "azurerm_virtual_network.vnet"
          ]
        }
      ]
    },
    {
      "mode": "managed",
      "type": "azurerm_virtual_network_peering",
      "name": "HUB_to_SPOK2",
      "provider": "provider[\"registry.terraform.io/hashicorp/azurerm\"]",
      "instances": [
        {
          "schema_version": 0,
          "attributes": {
            "allow_forwarded_traffic": false,
            "allow_gateway_transit": false,
            "allow_virtual_network_access": true,
            "id": "/subscriptions/0d39371b-6223-4dca-a4e1-a15218a7a15a/resourceGroups/RG1/providers/Microsoft.Network/virtualNetworks/HUBvnet/virtualNetworkPeerings/HUB-to-SPOK2",
            "local_subnet_names": [],
            "name": "HUB-to-SPOK2",
            "only_ipv6_peering_enabled": false,
            "peer_complete_virtual_networks_enabled": true,
            "remote_subnet_names": [],
            "remote_virtual_network_id": "/subscriptions/0d39371b-6223-4dca-a4e1-a15218a7a15a/resourceGroups/RG1/providers/Microsoft.Network/virtualNetworks/SPOK2vnet",
            "resource_group_name": "RG1",
            "timeouts": null,
            "triggers": null,
            "use_remote_gateways": false,
            "virtual_network_name": "HUBvnet"
          },
          "sensitive_attributes": [],
          "identity_schema_version": 0,
          "identity": {
            "name": "HUB-to-SPOK2",
            "resource_group_name": "RG1",
            "subscription_id": "0d39371b-6223-4dca-a4e1-a15218a7a15a",
            "virtual_network_name": "HUBvnet"
          },
          "private": "eyJlMmJmYjczMC1lY2FhLTExZTYtOGY4OC0zNDM2M2JjN2M0YzAiOnsiY3JlYXRlIjoxODAwMDAwMDAwMDAwLCJkZWxldGUiOjE4MDAwMDAwMDAwMDAsInJlYWQiOjMwMDAwMDAwMDAwMCwidXBkYXRlIjoxODAwMDAwMDAwMDAwfX0=",
          "dependencies": [
            "azurerm_resource_group.rg",
            "azurerm_virtual_network.vnet"
          ]
        }
      ]
    },
    {
      "mode": "managed",
      "type": "azurerm_virtual_network_peering",
      "name": "SPOK1toHUB",
      "provider": "provider[\"registry.terraform.io/hashicorp/azurerm\"]",
      "instances": [
        {
          "schema_version": 0,
          "attributes": {
            "allow_forwarded_traffic": false,
            "allow_gateway_transit": false,
            "allow_virtual_network_access": true,
            "id": "/subscriptions/0d39371b-6223-4dca-a4e1-a15218a7a15a/resourceGroups/RG1/providers/Microsoft.Network/virtualNetworks/SPOK1vnet/virtualNetworkPeerings/SPOK1toHUB",
            "local_subnet_names": [],
            "name": "SPOK1toHUB",
            "only_ipv6_peering_enabled": false,
            "peer_complete_virtual_networks_enabled": true,
            "remote_subnet_names": [],
            "remote_virtual_network_id": "/subscriptions/0d39371b-6223-4dca-a4e1-a15218a7a15a/resourceGroups/RG1/providers/Microsoft.Network/virtualNetworks/HUBvnet",
            "resource_group_name": "RG1",
            "timeouts": null,
            "triggers": null,
            "use_remote_gateways": false,
            "virtual_network_name": "SPOK1vnet"
          },
          "sensitive_attributes": [],
          "identity_schema_version": 0,
          "identity": {
            "name": "SPOK1toHUB",
            "resource_group_name": "RG1",
            "subscription_id": "0d39371b-6223-4dca-a4e1-a15218a7a15a",
            "virtual_network_name": "SPOK1vnet"
          },
          "private": "eyJlMmJmYjczMC1lY2FhLTExZTYtOGY4OC0zNDM2M2JjN2M0YzAiOnsiY3JlYXRlIjoxODAwMDAwMDAwMDAwLCJkZWxldGUiOjE4MDAwMDAwMDAwMDAsInJlYWQiOjMwMDAwMDAwMDAwMCwidXBkYXRlIjoxODAwMDAwMDAwMDAwfX0=",
          "dependencies": [
            "azurerm_resource_group.rg",
            "azurerm_virtual_network.vnet"
          ]
        }
      ]
    },
    {
      "mode": "managed",
      "type": "azurerm_virtual_network_peering",
      "name": "SPOK2toHUB",
      "provider": "provider[\"registry.terraform.io/hashicorp/azurerm\"]",
      "instances": [
        {
          "schema_version": 0,
          "attributes": {
            "allow_forwarded_traffic": false,
            "allow_gateway_transit": false,
            "allow_virtual_network_access": true,
            "id": "/subscriptions/0d39371b-6223-4dca-a4e1-a15218a7a15a/resourceGroups/RG1/providers/Microsoft.Network/virtualNetworks/SPOK2vnet/virtualNetworkPeerings/SPOK2toHUB",
            "local_subnet_names": [],
            "name": "SPOK2toHUB",
            "only_ipv6_peering_enabled": false,
            "peer_complete_virtual_networks_enabled": true,
            "remote_subnet_names": [],
            "remote_virtual_network_id": "/subscriptions/0d39371b-6223-4dca-a4e1-a15218a7a15a/resourceGroups/RG1/providers/Microsoft.Network/virtualNetworks/HUBvnet",
            "resource_group_name": "RG1",
            "timeouts": null,
            "triggers": null,
            "use_remote_gateways": false,
            "virtual_network_name": "SPOK2vnet"
          },
          "sensitive_attributes": [],
          "identity_schema_version": 0,
          "identity": {
            "name": "SPOK2toHUB",
            "resource_group_name": "RG1",
            "subscription_id": "0d39371b-6223-4dca-a4e1-a15218a7a15a",
            "virtual_network_name": "SPOK2vnet"
          },
          "private": "eyJlMmJmYjczMC1lY2FhLTExZTYtOGY4OC0zNDM2M2JjN2M0YzAiOnsiY3JlYXRlIjoxODAwMDAwMDAwMDAwLCJkZWxldGUiOjE4MDAwMDAwMDAwMDAsInJlYWQiOjMwMDAwMDAwMDAwMCwidXBkYXRlIjoxODAwMDAwMDAwMDAwfX0=",
          "dependencies": [
            "azurerm_resource_group.rg",
            "azurerm_virtual_network.vnet"
          ]
        }
      ]
    }
  ],
  "check_results": null
}
