{
  "version": 4,
  "terraform_version": "1.14.4",
  "serial": 13,
  "lineage": "9b40bf4a-1398-18b9-e255-614f4c554d9d",
  "outputs": {},
  "resources": [
    {
      "module": "module.rgs[\"rg\"]",
      "mode": "managed",
      "type": "azurerm_resource_group",
      "name": "rupa",
      "provider": "provider[\"registry.terraform.io/hashicorp/azurerm\"]",
      "instances": [
        {
          "schema_version": 0,
          "attributes": {
            "id": "/subscriptions/0d39371b-6223-4dca-a4e1-a15218a7a15a/resourceGroups/pradeep",
            "location": "westindia",
            "managed_by": "",
            "name": "pradeep",
            "tags": null,
            "timeouts": null
          },
          "sensitive_attributes": [],
          "identity_schema_version": 0,
          "identity": {
            "name": "pradeep",
            "subscription_id": "0d39371b-6223-4dca-a4e1-a15218a7a15a"
          },
          "private": "eyJlMmJmYjczMC1lY2FhLTExZTYtOGY4OC0zNDM2M2JjN2M0YzAiOnsiY3JlYXRlIjo1NDAwMDAwMDAwMDAwLCJkZWxldGUiOjU0MDAwMDAwMDAwMDAsInJlYWQiOjMwMDAwMDAwMDAwMCwidXBkYXRlIjo1NDAwMDAwMDAwMDAwfX0="
        }
      ]
    },
    {
      "module": "module.rgs[\"rg2\"]",
      "mode": "managed",
      "type": "azurerm_resource_group",
      "name": "rupa",
      "provider": "provider[\"registry.terraform.io/hashicorp/azurerm\"]",
      "instances": [
        {
          "schema_version": 0,
          "attributes": {
            "id": "/subscriptions/0d39371b-6223-4dca-a4e1-a15218a7a15a/resourceGroups/chadnan",
            "location": "southindia",
            "managed_by": "",
            "name": "chadnan",
            "tags": null,
            "timeouts": null
          },
          "sensitive_attributes": [],
          "identity_schema_version": 0,
          "identity": {
            "name": "chadnan",
            "subscription_id": "0d39371b-6223-4dca-a4e1-a15218a7a15a"
          },
          "private": "eyJlMmJmYjczMC1lY2FhLTExZTYtOGY4OC0zNDM2M2JjN2M0YzAiOnsiY3JlYXRlIjo1NDAwMDAwMDAwMDAwLCJkZWxldGUiOjU0MDAwMDAwMDAwMDAsInJlYWQiOjMwMDAwMDAwMDAwMCwidXBkYXRlIjo1NDAwMDAwMDAwMDAwfX0="
        }
      ]
    },
    {
      "module": "module.rgs[\"rg3\"]",
      "mode": "managed",
      "type": "azurerm_resource_group",
      "name": "rupa",
      "provider": "provider[\"registry.terraform.io/hashicorp/azurerm\"]",
      "instances": [
        {
          "schema_version": 0,
          "attributes": {
            "id": "/subscriptions/0d39371b-6223-4dca-a4e1-a15218a7a15a/resourceGroups/Test1",
            "location": "centralindia",
            "managed_by": "",
            "name": "Test1",
            "tags": null,
            "timeouts": null
          },
          "sensitive_attributes": [],
          "identity_schema_version": 0,
          "identity": {
            "name": "Test1",
            "subscription_id": "0d39371b-6223-4dca-a4e1-a15218a7a15a"
          },
          "private": "eyJlMmJmYjczMC1lY2FhLTExZTYtOGY4OC0zNDM2M2JjN2M0YzAiOnsiY3JlYXRlIjo1NDAwMDAwMDAwMDAwLCJkZWxldGUiOjU0MDAwMDAwMDAwMDAsInJlYWQiOjMwMDAwMDAwMDAwMCwidXBkYXRlIjo1NDAwMDAwMDAwMDAwfX0="
        }
      ]
    },
    {
      "module": "module.vn[\"rg\"]",
      "mode": "managed",
      "type": "azurerm_virtual_network",
      "name": "vnet",
      "provider": "provider[\"registry.terraform.io/hashicorp/azurerm\"]",
      "instances": [
        {
          "schema_version": 0,
          "attributes": {
            "address_space": [
              "10.10.0.0/16"
            ],
            "bgp_community": "",
            "ddos_protection_plan": [],
            "dns_servers": [],
            "edge_zone": "",
            "encryption": [],
            "flow_timeout_in_minutes": 0,
            "guid": "4655b75f-bc06-44f3-9ee6-39e6b38b7870",
            "id": "/subscriptions/0d39371b-6223-4dca-a4e1-a15218a7a15a/resourceGroups/pradeep/providers/Microsoft.Network/virtualNetworks/vnet1",
            "ip_address_pool": [],
            "location": "westindia",
            "name": "vnet1",
            "private_endpoint_vnet_policies": "Disabled",
            "resource_group_name": "pradeep",
            "subnet": [],
            "tags": null,
            "timeouts": null
          },
          "sensitive_attributes": [],
          "identity_schema_version": 0,
          "identity": {
            "name": "vnet1",
            "resource_group_name": "pradeep",
            "subscription_id": "0d39371b-6223-4dca-a4e1-a15218a7a15a"
          },
          "private": "eyJlMmJmYjczMC1lY2FhLTExZTYtOGY4OC0zNDM2M2JjN2M0YzAiOnsiY3JlYXRlIjoxODAwMDAwMDAwMDAwLCJkZWxldGUiOjE4MDAwMDAwMDAwMDAsInJlYWQiOjMwMDAwMDAwMDAwMCwidXBkYXRlIjoxODAwMDAwMDAwMDAwfX0=",
          "dependencies": [
            "module.rgs.azurerm_resource_group.rupa"
          ]
        }
      ]
    },
    {
      "module": "module.vn[\"rg2\"]",
      "mode": "managed",
      "type": "azurerm_virtual_network",
      "name": "vnet",
      "provider": "provider[\"registry.terraform.io/hashicorp/azurerm\"]",
      "instances": [
        {
          "schema_version": 0,
          "attributes": {
            "address_space": [
              "10.20.0.0/16"
            ],
            "bgp_community": "",
            "ddos_protection_plan": [],
            "dns_servers": [],
            "edge_zone": "",
            "encryption": [],
            "flow_timeout_in_minutes": 0,
            "guid": "1f122270-874a-4234-a2cd-848a14084d66",
            "id": "/subscriptions/0d39371b-6223-4dca-a4e1-a15218a7a15a/resourceGroups/chadnan/providers/Microsoft.Network/virtualNetworks/vnet2",
            "ip_address_pool": [],
            "location": "southindia",
            "name": "vnet2",
            "private_endpoint_vnet_policies": "Disabled",
            "resource_group_name": "chadnan",
            "subnet": [],
            "tags": null,
            "timeouts": null
          },
          "sensitive_attributes": [],
          "identity_schema_version": 0,
          "identity": {
            "name": "vnet2",
            "resource_group_name": "chadnan",
            "subscription_id": "0d39371b-6223-4dca-a4e1-a15218a7a15a"
          },
          "private": "eyJlMmJmYjczMC1lY2FhLTExZTYtOGY4OC0zNDM2M2JjN2M0YzAiOnsiY3JlYXRlIjoxODAwMDAwMDAwMDAwLCJkZWxldGUiOjE4MDAwMDAwMDAwMDAsInJlYWQiOjMwMDAwMDAwMDAwMCwidXBkYXRlIjoxODAwMDAwMDAwMDAwfX0=",
          "dependencies": [
            "module.rgs.azurerm_resource_group.rupa"
          ]
        }
      ]
    },
    {
      "module": "module.vn[\"rg3\"]",
      "mode": "managed",
      "type": "azurerm_virtual_network",
      "name": "vnet",
      "provider": "provider[\"registry.terraform.io/hashicorp/azurerm\"]",
      "instances": [
        {
          "schema_version": 0,
          "attributes": {
            "address_space": [
              "10.30.0.0/16"
            ],
            "bgp_community": "",
            "ddos_protection_plan": [],
            "dns_servers": [],
            "edge_zone": "",
            "encryption": [],
            "flow_timeout_in_minutes": 0,
            "guid": "8206e405-8ced-4536-bbd2-a251643d9027",
            "id": "/subscriptions/0d39371b-6223-4dca-a4e1-a15218a7a15a/resourceGroups/Test1/providers/Microsoft.Network/virtualNetworks/vnet3",
            "ip_address_pool": [],
            "location": "centralindia",
            "name": "vnet3",
            "private_endpoint_vnet_policies": "Disabled",
            "resource_group_name": "Test1",
            "subnet": [],
            "tags": null,
            "timeouts": null
          },
          "sensitive_attributes": [],
          "identity_schema_version": 0,
          "identity": {
            "name": "vnet3",
            "resource_group_name": "Test1",
            "subscription_id": "0d39371b-6223-4dca-a4e1-a15218a7a15a"
          },
          "private": "eyJlMmJmYjczMC1lY2FhLTExZTYtOGY4OC0zNDM2M2JjN2M0YzAiOnsiY3JlYXRlIjoxODAwMDAwMDAwMDAwLCJkZWxldGUiOjE4MDAwMDAwMDAwMDAsInJlYWQiOjMwMDAwMDAwMDAwMCwidXBkYXRlIjoxODAwMDAwMDAwMDAwfX0=",
          "dependencies": [
            "module.rgs.azurerm_resource_group.rupa"
          ]
        }
      ]
    }
  ],
  "check_results": null
}
